
Microsoft Visual Studio Solution File, Format Version 12.00
# Visual Studio Version 16
VisualStudioVersion = 16.0.28803.156
MinimumVisualStudioVersion = 10.0.40219.1
Project("{9A19103F-16F7-4668-BE54-9A1E7A4F7556}") = "CATLGClassWcsService.Basic", "CATLGClassWcsService.Basic\CATLGClassWcsService.Basic.csproj", "{21348DD4-80D9-4752-B7FC-0E039978FC64}"
EndProject
Project("{9A19103F-16F7-4668-BE54-9A1E7A4F7556}") = "CATLGClassWcsService.Repository", "CATLGClassWcsService.Repository\CATLGClassWcsService.Repository.csproj", "{71091AF1-85DF-46DA-96B3-170D9009DEDA}"
EndProject
Project("{9A19103F-16F7-4668-BE54-9A1E7A4F7556}") = "CATLGClassWcsService.Basic.Abstractions", "CATLGClassWcsService.Basic.Abstractions\CATLGClassWcsService.Basic.Abstractions.csproj", "{EC10A60E-FC09-4A08-BEA4-D773D8736C7A}"
EndProject
Project("{9A19103F-16F7-4668-BE54-9A1E7A4F7556}") = "CATLGClassWcsService.Utility", "CATLGClassWcsService.Utility\CATLGClassWcsService.Utility.csproj", "{2C353543-0E50-4802-BA38-8724C3C69F00}"
EndProject
Project("{9A19103F-16F7-4668-BE54-9A1E7A4F7556}") = "CATLGClassWcsService.Core", "CATLGClassWcsService.Core\CATLGClassWcsService.Core.csproj", "{8052E999-C5E4-4B8D-BE97-637C9A17D17D}"
EndProject
Project("{9A19103F-16F7-4668-BE54-9A1E7A4F7556}") = "CATLGClassWcsService.AppLayer", "CATLGClassWcsService.AppLayer\CATLGClassWcsService.AppLayer.csproj", "{4C4CD1EC-E300-4965-B9C1-0C84EC1454C6}"
EndProject
Project("{9A19103F-16F7-4668-BE54-9A1E7A4F7556}") = "CATLGClassWcsService", "CATLGClassWcsService\CATLGClassWcsService.csproj", "{D36E1B2F-6898-4FDC-9A70-4DAA6E1C00A1}"
EndProject
Project("{2150E333-8FDC-42A3-9474-1A3956D46DE8}") = "规范", "规范", "{606C404B-7A5C-4FEC-B3BC-BA4397E049C5}"
	ProjectSection(SolutionItems) = preProject
		.editorconfig = .editorconfig
	EndProjectSection
EndProject
Project("{9A19103F-16F7-4668-BE54-9A1E7A4F7556}") = "CATLGClassWcsService.MediatR", "CATLGClassWcsService.MediatR\CATLGClassWcsService.MediatR.csproj", "{C59065D5-957A-4262-8E90-3C1E40B97BF2}"
EndProject
Project("{2150E333-8FDC-42A3-9474-1A3956D46DE8}") = "业务模块", "业务模块", "{A88F2BD2-CDFF-42DB-A982-712AA92BC921}"
EndProject
Project("{2150E333-8FDC-42A3-9474-1A3956D46DE8}") = "基础模块", "基础模块", "{A2B3C65D-693D-4BE2-98E7-5501CD2A2129}"
EndProject
Global
	GlobalSection(SolutionConfigurationPlatforms) = preSolution
		Debug|Any CPU = Debug|Any CPU
		Release|Any CPU = Release|Any CPU
	EndGlobalSection
	GlobalSection(ProjectConfigurationPlatforms) = postSolution
		{21348DD4-80D9-4752-B7FC-0E039978FC64}.Debug|Any CPU.ActiveCfg = Debug|Any CPU
		{21348DD4-80D9-4752-B7FC-0E039978FC64}.Debug|Any CPU.Build.0 = Debug|Any CPU
		{21348DD4-80D9-4752-B7FC-0E039978FC64}.Release|Any CPU.ActiveCfg = Release|Any CPU
		{21348DD4-80D9-4752-B7FC-0E039978FC64}.Release|Any CPU.Build.0 = Release|Any CPU
		{71091AF1-85DF-46DA-96B3-170D9009DEDA}.Debug|Any CPU.ActiveCfg = Debug|Any CPU
		{71091AF1-85DF-46DA-96B3-170D9009DEDA}.Debug|Any CPU.Build.0 = Debug|Any CPU
		{71091AF1-85DF-46DA-96B3-170D9009DEDA}.Release|Any CPU.ActiveCfg = Release|Any CPU
		{71091AF1-85DF-46DA-96B3-170D9009DEDA}.Release|Any CPU.Build.0 = Release|Any CPU
		{EC10A60E-FC09-4A08-BEA4-D773D8736C7A}.Debug|Any CPU.ActiveCfg = Debug|Any CPU
		{EC10A60E-FC09-4A08-BEA4-D773D8736C7A}.Debug|Any CPU.Build.0 = Debug|Any CPU
		{EC10A60E-FC09-4A08-BEA4-D773D8736C7A}.Release|Any CPU.ActiveCfg = Release|Any CPU
		{EC10A60E-FC09-4A08-BEA4-D773D8736C7A}.Release|Any CPU.Build.0 = Release|Any CPU
		{2C353543-0E50-4802-BA38-8724C3C69F00}.Debug|Any CPU.ActiveCfg = Debug|Any CPU
		{2C353543-0E50-4802-BA38-8724C3C69F00}.Debug|Any CPU.Build.0 = Debug|Any CPU
		{2C353543-0E50-4802-BA38-8724C3C69F00}.Release|Any CPU.ActiveCfg = Release|Any CPU
		{2C353543-0E50-4802-BA38-8724C3C69F00}.Release|Any CPU.Build.0 = Release|Any CPU
		{8052E999-C5E4-4B8D-BE97-637C9A17D17D}.Debug|Any CPU.ActiveCfg = Debug|Any CPU
		{8052E999-C5E4-4B8D-BE97-637C9A17D17D}.Debug|Any CPU.Build.0 = Debug|Any CPU
		{8052E999-C5E4-4B8D-BE97-637C9A17D17D}.Release|Any CPU.ActiveCfg = Release|Any CPU
		{8052E999-C5E4-4B8D-BE97-637C9A17D17D}.Release|Any CPU.Build.0 = Release|Any CPU
		{4C4CD1EC-E300-4965-B9C1-0C84EC1454C6}.Debug|Any CPU.ActiveCfg = Debug|Any CPU
		{4C4CD1EC-E300-4965-B9C1-0C84EC1454C6}.Debug|Any CPU.Build.0 = Debug|Any CPU
		{4C4CD1EC-E300-4965-B9C1-0C84EC1454C6}.Release|Any CPU.ActiveCfg = Release|Any CPU
		{4C4CD1EC-E300-4965-B9C1-0C84EC1454C6}.Release|Any CPU.Build.0 = Release|Any CPU
		{D36E1B2F-6898-4FDC-9A70-4DAA6E1C00A1}.Debug|Any CPU.ActiveCfg = Debug|Any CPU
		{D36E1B2F-6898-4FDC-9A70-4DAA6E1C00A1}.Debug|Any CPU.Build.0 = Debug|Any CPU
		{D36E1B2F-6898-4FDC-9A70-4DAA6E1C00A1}.Release|Any CPU.ActiveCfg = Release|Any CPU
		{D36E1B2F-6898-4FDC-9A70-4DAA6E1C00A1}.Release|Any CPU.Build.0 = Release|Any CPU
		{C59065D5-957A-4262-8E90-3C1E40B97BF2}.Debug|Any CPU.ActiveCfg = Debug|Any CPU
		{C59065D5-957A-4262-8E90-3C1E40B97BF2}.Debug|Any CPU.Build.0 = Debug|Any CPU
		{C59065D5-957A-4262-8E90-3C1E40B97BF2}.Release|Any CPU.ActiveCfg = Release|Any CPU
		{C59065D5-957A-4262-8E90-3C1E40B97BF2}.Release|Any CPU.Build.0 = Release|Any CPU
	EndGlobalSection
	GlobalSection(SolutionProperties) = preSolution
		HideSolutionNode = FALSE
	EndGlobalSection
	GlobalSection(NestedProjects) = preSolution
		{21348DD4-80D9-4752-B7FC-0E039978FC64} = {A2B3C65D-693D-4BE2-98E7-5501CD2A2129}
		{EC10A60E-FC09-4A08-BEA4-D773D8736C7A} = {A2B3C65D-693D-4BE2-98E7-5501CD2A2129}
		{A2B3C65D-693D-4BE2-98E7-5501CD2A2129} = {A88F2BD2-CDFF-42DB-A982-712AA92BC921}
	EndGlobalSection
	GlobalSection(ExtensibilityGlobals) = postSolution
		SolutionGuid = {1D4E41CF-D46D-4D91-B55C-B0D3CCC384E3}
	EndGlobalSection
EndGlobal
