
Microsoft Visual Studio Solution File, Format Version 12.00
# Visual Studio Version 17
VisualStudioVersion = 17.1.32210.238
MinimumVisualStudioVersion = 10.0.40219.1
Project("{FAE04EC0-301F-11D3-BF4B-00C04F79EFBC}") = "DCS.TASK.NET", "DCS.TASK.NET\DCS.TASK.NET.csproj", "{22F53324-CA99-408B-8913-527A3BEDD67B}"
EndProject
Project("{FAE04EC0-301F-11D3-BF4B-00C04F79EFBC}") = "DCS.TASK.ITEM", "DCS.TASKITEM\DCS.TASK.ITEM.csproj", "{D163CE95-397A-42FD-A693-2EFF232DB2AF}"
EndProject
Project("{FAE04EC0-301F-11D3-BF4B-00C04F79EFBC}") = "DCS.CORE", "DCS.CORE\DCS.CORE.csproj", "{898A8B4D-0324-47BE-90BF-A7094DFE8351}"
EndProject
Project("{FAE04EC0-301F-11D3-BF4B-00C04F79EFBC}") = "DCS.IBLL", "DCS.IBLL\DCS.IBLL.csproj", "{2C9AFADA-9FF7-4574-9C4F-52B909F58E95}"
EndProject
Project("{FAE04EC0-301F-11D3-BF4B-00C04F79EFBC}") = "DCS.BLL", "DCS.BLL\DCS.BLL.csproj", "{E2B36D7D-4F1E-447B-8996-74833BAF0C30}"
EndProject
Project("{FAE04EC0-301F-11D3-BF4B-00C04F79EFBC}") = "DCS.BASE", "DCS.BASE\DCS.BASE.csproj", "{5C1C3E01-62B8-4E91-A241-9A8DF2FB9E3F}"
EndProject
Project("{FAE04EC0-301F-11D3-BF4B-00C04F79EFBC}") = "MESwebservice", "MESwebservice\MESwebservice.csproj", "{2955A1D4-BBD1-4B3D-B33A-AB0B33B1BA70}"
EndProject
Project("{FAE04EC0-301F-11D3-BF4B-00C04F79EFBC}") = "DCS.MODEL", "DCS.MODEL\DCS.MODEL.csproj", "{A26F45C3-67C3-4A85-BE65-3734DD25F054}"
EndProject
Global
	GlobalSection(SolutionConfigurationPlatforms) = preSolution
		Debug|Any CPU = Debug|Any CPU
		Release|Any CPU = Release|Any CPU
	EndGlobalSection
	GlobalSection(ProjectConfigurationPlatforms) = postSolution
		{22F53324-CA99-408B-8913-527A3BEDD67B}.Debug|Any CPU.ActiveCfg = Debug|Any CPU
		{22F53324-CA99-408B-8913-527A3BEDD67B}.Debug|Any CPU.Build.0 = Debug|Any CPU
		{22F53324-CA99-408B-8913-527A3BEDD67B}.Release|Any CPU.ActiveCfg = Release|Any CPU
		{22F53324-CA99-408B-8913-527A3BEDD67B}.Release|Any CPU.Build.0 = Release|Any CPU
		{D163CE95-397A-42FD-A693-2EFF232DB2AF}.Debug|Any CPU.ActiveCfg = Debug|Any CPU
		{D163CE95-397A-42FD-A693-2EFF232DB2AF}.Debug|Any CPU.Build.0 = Debug|Any CPU
		{D163CE95-397A-42FD-A693-2EFF232DB2AF}.Release|Any CPU.ActiveCfg = Release|Any CPU
		{D163CE95-397A-42FD-A693-2EFF232DB2AF}.Release|Any CPU.Build.0 = Release|Any CPU
		{898A8B4D-0324-47BE-90BF-A7094DFE8351}.Debug|Any CPU.ActiveCfg = Debug|Any CPU
		{898A8B4D-0324-47BE-90BF-A7094DFE8351}.Debug|Any CPU.Build.0 = Debug|Any CPU
		{898A8B4D-0324-47BE-90BF-A7094DFE8351}.Release|Any CPU.ActiveCfg = Release|Any CPU
		{898A8B4D-0324-47BE-90BF-A7094DFE8351}.Release|Any CPU.Build.0 = Release|Any CPU
		{2C9AFADA-9FF7-4574-9C4F-52B909F58E95}.Debug|Any CPU.ActiveCfg = Debug|Any CPU
		{2C9AFADA-9FF7-4574-9C4F-52B909F58E95}.Debug|Any CPU.Build.0 = Debug|Any CPU
		{2C9AFADA-9FF7-4574-9C4F-52B909F58E95}.Release|Any CPU.ActiveCfg = Release|Any CPU
		{2C9AFADA-9FF7-4574-9C4F-52B909F58E95}.Release|Any CPU.Build.0 = Release|Any CPU
		{E2B36D7D-4F1E-447B-8996-74833BAF0C30}.Debug|Any CPU.ActiveCfg = Debug|Any CPU
		{E2B36D7D-4F1E-447B-8996-74833BAF0C30}.Debug|Any CPU.Build.0 = Debug|Any CPU
		{E2B36D7D-4F1E-447B-8996-74833BAF0C30}.Release|Any CPU.ActiveCfg = Release|Any CPU
		{E2B36D7D-4F1E-447B-8996-74833BAF0C30}.Release|Any CPU.Build.0 = Release|Any CPU
		{5C1C3E01-62B8-4E91-A241-9A8DF2FB9E3F}.Debug|Any CPU.ActiveCfg = Debug|Any CPU
		{5C1C3E01-62B8-4E91-A241-9A8DF2FB9E3F}.Debug|Any CPU.Build.0 = Debug|Any CPU
		{5C1C3E01-62B8-4E91-A241-9A8DF2FB9E3F}.Release|Any CPU.ActiveCfg = Release|Any CPU
		{5C1C3E01-62B8-4E91-A241-9A8DF2FB9E3F}.Release|Any CPU.Build.0 = Release|Any CPU
		{2955A1D4-BBD1-4B3D-B33A-AB0B33B1BA70}.Debug|Any CPU.ActiveCfg = Debug|Any CPU
		{2955A1D4-BBD1-4B3D-B33A-AB0B33B1BA70}.Debug|Any CPU.Build.0 = Debug|Any CPU
		{2955A1D4-BBD1-4B3D-B33A-AB0B33B1BA70}.Release|Any CPU.ActiveCfg = Release|Any CPU
		{2955A1D4-BBD1-4B3D-B33A-AB0B33B1BA70}.Release|Any CPU.Build.0 = Release|Any CPU
		{A26F45C3-67C3-4A85-BE65-3734DD25F054}.Debug|Any CPU.ActiveCfg = Debug|Any CPU
		{A26F45C3-67C3-4A85-BE65-3734DD25F054}.Debug|Any CPU.Build.0 = Debug|Any CPU
		{A26F45C3-67C3-4A85-BE65-3734DD25F054}.Release|Any CPU.ActiveCfg = Release|Any CPU
		{A26F45C3-67C3-4A85-BE65-3734DD25F054}.Release|Any CPU.Build.0 = Release|Any CPU
	EndGlobalSection
	GlobalSection(SolutionProperties) = preSolution
		HideSolutionNode = FALSE
	EndGlobalSection
	GlobalSection(ExtensibilityGlobals) = postSolution
		SolutionGuid = {AC99DA16-1300-479E-9036-E95FFB422B24}
	EndGlobalSection
EndGlobal
